
Microsoft Visual Studio Solution File, Format Version 12.00
# Visual Studio Version 16
VisualStudioVersion = 16.0.34031.81
MinimumVisualStudioVersion = 10.0.40219.1
Project("{2150E333-8FDC-42A3-9474-1A3956D46DE8}") = "Task0", "Task0", "{C8B87D42-CFA7-43EA-86C7-874434C65687}"
EndProject
Project("{FAE04EC0-301F-11D3-BF4B-00C04F79EFBC}") = "Tyuiu.ShustovTS.Sprint4.Task0.V5", "Tyuiu.ShustovTS.Sprint4.Task0.V5\Tyuiu.ShustovTS.Sprint4.Task0.V5.csproj", "{B6E77E95-B870-47F7-893D-7C7F8AE8CB2B}"
EndProject
Project("{FAE04EC0-301F-11D3-BF4B-00C04F79EFBC}") = "Tyuiu.ShustovTS.Sprint4.Task0.V5.Lib", "Tyuiu.ShustovTS.Sprint4.Task0.V5.Lib\Tyuiu.ShustovTS.Sprint4.Task0.V5.Lib.csproj", "{1EDF153A-E091-4564-9725-0AC3931D5877}"
EndProject
Project("{FAE04EC0-301F-11D3-BF4B-00C04F79EFBC}") = "Tyuiu.ShustovTS.Sprint4.Task0.V5.Test", "Tyuiu.ShustovTS.Sprint4.Task0.V5.Test\Tyuiu.ShustovTS.Sprint4.Task0.V5.Test.csproj", "{7C8DD2B3-1FBE-4494-81D1-C7468E665976}"
EndProject
Project("{2150E333-8FDC-42A3-9474-1A3956D46DE8}") = "Task1", "Task1", "{41966D27-15BB-4AB9-85BC-BC2F585E7BB2}"
EndProject
Project("{FAE04EC0-301F-11D3-BF4B-00C04F79EFBC}") = "Tyuiu.ShustovTS.Sprint4.Task1.V12", "Tyuiu.ShustovTS.Sprint4.Task1.V12\Tyuiu.ShustovTS.Sprint4.Task1.V12.csproj", "{A6F9CC47-998A-4D32-AE22-A85B3B1E812D}"
EndProject
Project("{FAE04EC0-301F-11D3-BF4B-00C04F79EFBC}") = "Tyuiu.ShustovTS.Sprint4.Task1.V12.Lib", "Tyuiu.ShustovTS.Sprint4.Task1.V12.Lib\Tyuiu.ShustovTS.Sprint4.Task1.V12.Lib.csproj", "{DA88440A-A50E-414F-B28F-150239490112}"
EndProject
Project("{FAE04EC0-301F-11D3-BF4B-00C04F79EFBC}") = "Tyuiu.ShustovTS.Sprint4.Task1.V12.Test", "Tyuiu.ShustovTS.Sprint4.Task1.V12.Test\Tyuiu.ShustovTS.Sprint4.Task1.V12.Test.csproj", "{4356E6C8-14A6-4D1F-A8B2-EA28F47F79D3}"
EndProject
Project("{2150E333-8FDC-42A3-9474-1A3956D46DE8}") = "Task2", "Task2", "{2E5FC912-A699-45EA-A9AE-1D1B05D22653}"
EndProject
Project("{FAE04EC0-301F-11D3-BF4B-00C04F79EFBC}") = "Tyuiu.ShustovTS.Sprint4.Task2.V23", "Tyuiu.ShustovTS.Sprint4.Task2.V23\Tyuiu.ShustovTS.Sprint4.Task2.V23.csproj", "{24B58DC6-32F2-42A9-B678-8AB3ED90088B}"
EndProject
Project("{FAE04EC0-301F-11D3-BF4B-00C04F79EFBC}") = "Tyuiu.ShustovTS.Sprint4.Task2.V23.Lib", "Tyuiu.ShustovTS.Sprint4.Task2.V23.Lib\Tyuiu.ShustovTS.Sprint4.Task2.V23.Lib.csproj", "{A0CD9EDF-98FB-49F8-B951-A4255AB89D1C}"
EndProject
Project("{FAE04EC0-301F-11D3-BF4B-00C04F79EFBC}") = "Tyuiu.ShustovTS.Sprint4.Task2.V23.Test", "Tyuiu.ShustovTS.Sprint4.Task2.V23.Test\Tyuiu.ShustovTS.Sprint4.Task2.V23.Test.csproj", "{0CCDC089-701B-4EE6-983A-D5F0A963455D}"
EndProject
Project("{2150E333-8FDC-42A3-9474-1A3956D46DE8}") = "Task3", "Task3", "{357B4D3E-5F74-4A53-BCB1-EB646DDE6EDE}"
EndProject
Project("{FAE04EC0-301F-11D3-BF4B-00C04F79EFBC}") = "Tyuiu.ShustovTS.Sprint4.Task3.V25", "Tyuiu.ShustovTS.Sprint4.Task3.V25\Tyuiu.ShustovTS.Sprint4.Task3.V25.csproj", "{C6DDA1E2-B489-428B-AD46-B5A7FE366EA5}"
EndProject
Project("{FAE04EC0-301F-11D3-BF4B-00C04F79EFBC}") = "Tyuiu.ShustovTS.Sprint4.Task3.V25.Lib", "Tyuiu.ShustovTS.Sprint4.Task3.V25.Lib\Tyuiu.ShustovTS.Sprint4.Task3.V25.Lib.csproj", "{002EF8F2-FB52-4E86-9276-2675D2724DCF}"
EndProject
Project("{FAE04EC0-301F-11D3-BF4B-00C04F79EFBC}") = "Tyuiu.ShustovTS.Sprint4.Task3.V25.Test", "Tyuiu.ShustovTS.Sprint4.Task3.V25.Test\Tyuiu.ShustovTS.Sprint4.Task3.V25.Test.csproj", "{B92FC4CB-DDC8-4DC9-BE66-70A7FFA87378}"
EndProject
Global
	GlobalSection(SolutionConfigurationPlatforms) = preSolution
		Debug|Any CPU = Debug|Any CPU
		Release|Any CPU = Release|Any CPU
	EndGlobalSection
	GlobalSection(ProjectConfigurationPlatforms) = postSolution
		{B6E77E95-B870-47F7-893D-7C7F8AE8CB2B}.Debug|Any CPU.ActiveCfg = Debug|Any CPU
		{B6E77E95-B870-47F7-893D-7C7F8AE8CB2B}.Debug|Any CPU.Build.0 = Debug|Any CPU
		{B6E77E95-B870-47F7-893D-7C7F8AE8CB2B}.Release|Any CPU.ActiveCfg = Release|Any CPU
		{B6E77E95-B870-47F7-893D-7C7F8AE8CB2B}.Release|Any CPU.Build.0 = Release|Any CPU
		{1EDF153A-E091-4564-9725-0AC3931D5877}.Debug|Any CPU.ActiveCfg = Debug|Any CPU
		{1EDF153A-E091-4564-9725-0AC3931D5877}.Debug|Any CPU.Build.0 = Debug|Any CPU
		{1EDF153A-E091-4564-9725-0AC3931D5877}.Release|Any CPU.ActiveCfg = Release|Any CPU
		{1EDF153A-E091-4564-9725-0AC3931D5877}.Release|Any CPU.Build.0 = Release|Any CPU
		{7C8DD2B3-1FBE-4494-81D1-C7468E665976}.Debug|Any CPU.ActiveCfg = Debug|Any CPU
		{7C8DD2B3-1FBE-4494-81D1-C7468E665976}.Debug|Any CPU.Build.0 = Debug|Any CPU
		{7C8DD2B3-1FBE-4494-81D1-C7468E665976}.Release|Any CPU.ActiveCfg = Release|Any CPU
		{7C8DD2B3-1FBE-4494-81D1-C7468E665976}.Release|Any CPU.Build.0 = Release|Any CPU
		{A6F9CC47-998A-4D32-AE22-A85B3B1E812D}.Debug|Any CPU.ActiveCfg = Debug|Any CPU
		{A6F9CC47-998A-4D32-AE22-A85B3B1E812D}.Debug|Any CPU.Build.0 = Debug|Any CPU
		{A6F9CC47-998A-4D32-AE22-A85B3B1E812D}.Release|Any CPU.ActiveCfg = Release|Any CPU
		{A6F9CC47-998A-4D32-AE22-A85B3B1E812D}.Release|Any CPU.Build.0 = Release|Any CPU
		{DA88440A-A50E-414F-B28F-150239490112}.Debug|Any CPU.ActiveCfg = Debug|Any CPU
		{DA88440A-A50E-414F-B28F-150239490112}.Debug|Any CPU.Build.0 = Debug|Any CPU
		{DA88440A-A50E-414F-B28F-150239490112}.Release|Any CPU.ActiveCfg = Release|Any CPU
		{DA88440A-A50E-414F-B28F-150239490112}.Release|Any CPU.Build.0 = Release|Any CPU
		{4356E6C8-14A6-4D1F-A8B2-EA28F47F79D3}.Debug|Any CPU.ActiveCfg = Debug|Any CPU
		{4356E6C8-14A6-4D1F-A8B2-EA28F47F79D3}.Debug|Any CPU.Build.0 = Debug|Any CPU
		{4356E6C8-14A6-4D1F-A8B2-EA28F47F79D3}.Release|Any CPU.ActiveCfg = Release|Any CPU
		{4356E6C8-14A6-4D1F-A8B2-EA28F47F79D3}.Release|Any CPU.Build.0 = Release|Any CPU
		{24B58DC6-32F2-42A9-B678-8AB3ED90088B}.Debug|Any CPU.ActiveCfg = Debug|Any CPU
		{24B58DC6-32F2-42A9-B678-8AB3ED90088B}.Debug|Any CPU.Build.0 = Debug|Any CPU
		{24B58DC6-32F2-42A9-B678-8AB3ED90088B}.Release|Any CPU.ActiveCfg = Release|Any CPU
		{24B58DC6-32F2-42A9-B678-8AB3ED90088B}.Release|Any CPU.Build.0 = Release|Any CPU
		{A0CD9EDF-98FB-49F8-B951-A4255AB89D1C}.Debug|Any CPU.ActiveCfg = Debug|Any CPU
		{A0CD9EDF-98FB-49F8-B951-A4255AB89D1C}.Debug|Any CPU.Build.0 = Debug|Any CPU
		{A0CD9EDF-98FB-49F8-B951-A4255AB89D1C}.Release|Any CPU.ActiveCfg = Release|Any CPU
		{A0CD9EDF-98FB-49F8-B951-A4255AB89D1C}.Release|Any CPU.Build.0 = Release|Any CPU
		{0CCDC089-701B-4EE6-983A-D5F0A963455D}.Debug|Any CPU.ActiveCfg = Debug|Any CPU
		{0CCDC089-701B-4EE6-983A-D5F0A963455D}.Debug|Any CPU.Build.0 = Debug|Any CPU
		{0CCDC089-701B-4EE6-983A-D5F0A963455D}.Release|Any CPU.ActiveCfg = Release|Any CPU
		{0CCDC089-701B-4EE6-983A-D5F0A963455D}.Release|Any CPU.Build.0 = Release|Any CPU
		{C6DDA1E2-B489-428B-AD46-B5A7FE366EA5}.Debug|Any CPU.ActiveCfg = Debug|Any CPU
		{C6DDA1E2-B489-428B-AD46-B5A7FE366EA5}.Debug|Any CPU.Build.0 = Debug|Any CPU
		{C6DDA1E2-B489-428B-AD46-B5A7FE366EA5}.Release|Any CPU.ActiveCfg = Release|Any CPU
		{C6DDA1E2-B489-428B-AD46-B5A7FE366EA5}.Release|Any CPU.Build.0 = Release|Any CPU
		{002EF8F2-FB52-4E86-9276-2675D2724DCF}.Debug|Any CPU.ActiveCfg = Debug|Any CPU
		{002EF8F2-FB52-4E86-9276-2675D2724DCF}.Debug|Any CPU.Build.0 = Debug|Any CPU
		{002EF8F2-FB52-4E86-9276-2675D2724DCF}.Release|Any CPU.ActiveCfg = Release|Any CPU
		{002EF8F2-FB52-4E86-9276-2675D2724DCF}.Release|Any CPU.Build.0 = Release|Any CPU
		{B92FC4CB-DDC8-4DC9-BE66-70A7FFA87378}.Debug|Any CPU.ActiveCfg = Debug|Any CPU
		{B92FC4CB-DDC8-4DC9-BE66-70A7FFA87378}.Debug|Any CPU.Build.0 = Debug|Any CPU
		{B92FC4CB-DDC8-4DC9-BE66-70A7FFA87378}.Release|Any CPU.ActiveCfg = Release|Any CPU
		{B92FC4CB-DDC8-4DC9-BE66-70A7FFA87378}.Release|Any CPU.Build.0 = Release|Any CPU
	EndGlobalSection
	GlobalSection(SolutionProperties) = preSolution
		HideSolutionNode = FALSE
	EndGlobalSection
	GlobalSection(NestedProjects) = preSolution
		{B6E77E95-B870-47F7-893D-7C7F8AE8CB2B} = {C8B87D42-CFA7-43EA-86C7-874434C65687}
		{1EDF153A-E091-4564-9725-0AC3931D5877} = {C8B87D42-CFA7-43EA-86C7-874434C65687}
		{7C8DD2B3-1FBE-4494-81D1-C7468E665976} = {C8B87D42-CFA7-43EA-86C7-874434C65687}
		{A6F9CC47-998A-4D32-AE22-A85B3B1E812D} = {41966D27-15BB-4AB9-85BC-BC2F585E7BB2}
		{DA88440A-A50E-414F-B28F-150239490112} = {41966D27-15BB-4AB9-85BC-BC2F585E7BB2}
		{4356E6C8-14A6-4D1F-A8B2-EA28F47F79D3} = {41966D27-15BB-4AB9-85BC-BC2F585E7BB2}
		{24B58DC6-32F2-42A9-B678-8AB3ED90088B} = {2E5FC912-A699-45EA-A9AE-1D1B05D22653}
		{A0CD9EDF-98FB-49F8-B951-A4255AB89D1C} = {2E5FC912-A699-45EA-A9AE-1D1B05D22653}
		{0CCDC089-701B-4EE6-983A-D5F0A963455D} = {2E5FC912-A699-45EA-A9AE-1D1B05D22653}
		{C6DDA1E2-B489-428B-AD46-B5A7FE366EA5} = {357B4D3E-5F74-4A53-BCB1-EB646DDE6EDE}
		{002EF8F2-FB52-4E86-9276-2675D2724DCF} = {357B4D3E-5F74-4A53-BCB1-EB646DDE6EDE}
		{B92FC4CB-DDC8-4DC9-BE66-70A7FFA87378} = {357B4D3E-5F74-4A53-BCB1-EB646DDE6EDE}
	EndGlobalSection
	GlobalSection(ExtensibilityGlobals) = postSolution
		SolutionGuid = {C0E6FA90-D004-4086-86C8-154C9ED146CC}
	EndGlobalSection
EndGlobal
